Microsoft Visual Studio Solution File, Format Version 12.00
# Visual Studio Version 16
VisualStudioVersion = 16.0.30804.86
MinimumVisualStudioVersion = 10.0.40219.1
Project("{FAE04EC0-301F-11D3-BF4B-00C04F79EFBC}") = "2.YoloSharp", "MRZSharp\2.YoloSharp.csproj", "{5CB8C822-B8F8-47DF-BB47-80D7F2C3AEC8}"
EndProject
Project("{FAE04EC0-301F-11D3-BF4B-00C04F79EFBC}") = "3.TrainingTool", "2.TrainingTool\3.TrainingTool.csproj", "{B89F6915-E5EA-4489-AD33-4EB0D521FAA2}"
EndProject
Project("{FAE04EC0-301F-11D3-BF4B-00C04F79EFBC}") = "0.CommonLibs", "CommonLib\0.CommonLibs.csproj", "{C27671E6-F4DF-46AC-BA5B-8012DDD8AE3B}"
EndProject
Project("{F184B08F-C81C-45F6-A57F-5ABD9991F28F}") = "1.SMCLib", "SMCLib\1.SMCLib.vbproj", "{1C34C95E-167D-404F-A76D-E57C99EC474C}"
EndProject
Project("{FAE04EC0-301F-11D3-BF4B-00C04F79EFBC}") = "4.DetectTool", "DetectTool\4.DetectTool.csproj", "{B85E1641-A93F-4FEA-BBA9-8C7697D4F0EB}"
EndProject
Global
	GlobalSection(SolutionConfigurationPlatforms) = preSolution
		Debug|Any CPU = Debug|Any CPU
		Debug|x64 = Debug|x64
		Debug|x86 = Debug|x86
		MinSizeRel|Any CPU = MinSizeRel|Any CPU
		MinSizeRel|x64 = MinSizeRel|x64
		MinSizeRel|x86 = MinSizeRel|x86
		Release|Any CPU = Release|Any CPU
		Release|x64 = Release|x64
		Release|x86 = Release|x86
		RelWithDebInfo|Any CPU = RelWithDebInfo|Any CPU
		RelWithDebInfo|x64 = RelWithDebInfo|x64
		RelWithDebInfo|x86 = RelWithDebInfo|x86
	EndGlobalSection
	GlobalSection(ProjectConfigurationPlatforms) = postSolution
		{5CB8C822-B8F8-47DF-BB47-80D7F2C3AEC8}.Debug|Any CPU.ActiveCfg = Debug|Any CPU
		{5CB8C822-B8F8-47DF-BB47-80D7F2C3AEC8}.Debug|Any CPU.Build.0 = Debug|Any CPU
		{5CB8C822-B8F8-47DF-BB47-80D7F2C3AEC8}.Debug|x64.ActiveCfg = Debug|x64
		{5CB8C822-B8F8-47DF-BB47-80D7F2C3AEC8}.Debug|x64.Build.0 = Debug|x64
		{5CB8C822-B8F8-47DF-BB47-80D7F2C3AEC8}.Debug|x86.ActiveCfg = Debug|Any CPU
		{5CB8C822-B8F8-47DF-BB47-80D7F2C3AEC8}.Debug|x86.Build.0 = Debug|Any CPU
		{5CB8C822-B8F8-47DF-BB47-80D7F2C3AEC8}.MinSizeRel|Any CPU.ActiveCfg = Release|Any CPU
		{5CB8C822-B8F8-47DF-BB47-80D7F2C3AEC8}.MinSizeRel|Any CPU.Build.0 = Release|Any CPU
		{5CB8C822-B8F8-47DF-BB47-80D7F2C3AEC8}.MinSizeRel|x64.ActiveCfg = Release|x64
		{5CB8C822-B8F8-47DF-BB47-80D7F2C3AEC8}.MinSizeRel|x64.Build.0 = Release|x64
		{5CB8C822-B8F8-47DF-BB47-80D7F2C3AEC8}.MinSizeRel|x86.ActiveCfg = Release|Any CPU
		{5CB8C822-B8F8-47DF-BB47-80D7F2C3AEC8}.MinSizeRel|x86.Build.0 = Release|Any CPU
		{5CB8C822-B8F8-47DF-BB47-80D7F2C3AEC8}.Release|Any CPU.ActiveCfg = Release|Any CPU
		{5CB8C822-B8F8-47DF-BB47-80D7F2C3AEC8}.Release|Any CPU.Build.0 = Release|Any CPU
		{5CB8C822-B8F8-47DF-BB47-80D7F2C3AEC8}.Release|x64.ActiveCfg = Release|x64
		{5CB8C822-B8F8-47DF-BB47-80D7F2C3AEC8}.Release|x64.Build.0 = Release|x64
		{5CB8C822-B8F8-47DF-BB47-80D7F2C3AEC8}.Release|x86.ActiveCfg = Release|Any CPU
		{5CB8C822-B8F8-47DF-BB47-80D7F2C3AEC8}.Release|x86.Build.0 = Release|Any CPU
		{5CB8C822-B8F8-47DF-BB47-80D7F2C3AEC8}.RelWithDebInfo|Any CPU.ActiveCfg = Release|Any CPU
		{5CB8C822-B8F8-47DF-BB47-80D7F2C3AEC8}.RelWithDebInfo|Any CPU.Build.0 = Release|Any CPU
		{5CB8C822-B8F8-47DF-BB47-80D7F2C3AEC8}.RelWithDebInfo|x64.ActiveCfg = Release|x64
		{5CB8C822-B8F8-47DF-BB47-80D7F2C3AEC8}.RelWithDebInfo|x64.Build.0 = Release|x64
		{5CB8C822-B8F8-47DF-BB47-80D7F2C3AEC8}.RelWithDebInfo|x86.ActiveCfg = Release|Any CPU
		{5CB8C822-B8F8-47DF-BB47-80D7F2C3AEC8}.RelWithDebInfo|x86.Build.0 = Release|Any CPU
		{B89F6915-E5EA-4489-AD33-4EB0D521FAA2}.Debug|Any CPU.ActiveCfg = Debug|Any CPU
		{B89F6915-E5EA-4489-AD33-4EB0D521FAA2}.Debug|Any CPU.Build.0 = Debug|Any CPU
		{B89F6915-E5EA-4489-AD33-4EB0D521FAA2}.Debug|x64.ActiveCfg = Debug|x64
		{B89F6915-E5EA-4489-AD33-4EB0D521FAA2}.Debug|x64.Build.0 = Debug|x64
		{B89F6915-E5EA-4489-AD33-4EB0D521FAA2}.Debug|x86.ActiveCfg = Debug|Any CPU
		{B89F6915-E5EA-4489-AD33-4EB0D521FAA2}.Debug|x86.Build.0 = Debug|Any CPU
		{B89F6915-E5EA-4489-AD33-4EB0D521FAA2}.MinSizeRel|Any CPU.ActiveCfg = Release|Any CPU
		{B89F6915-E5EA-4489-AD33-4EB0D521FAA2}.MinSizeRel|Any CPU.Build.0 = Release|Any CPU
		{B89F6915-E5EA-4489-AD33-4EB0D521FAA2}.MinSizeRel|x64.ActiveCfg = Release|x64
		{B89F6915-E5EA-4489-AD33-4EB0D521FAA2}.MinSizeRel|x64.Build.0 = Release|x64
		{B89F6915-E5EA-4489-AD33-4EB0D521FAA2}.MinSizeRel|x86.ActiveCfg = Release|Any CPU
		{B89F6915-E5EA-4489-AD33-4EB0D521FAA2}.MinSizeRel|x86.Build.0 = Release|Any CPU
		{B89F6915-E5EA-4489-AD33-4EB0D521FAA2}.Release|Any CPU.ActiveCfg = Release|Any CPU
		{B89F6915-E5EA-4489-AD33-4EB0D521FAA2}.Release|Any CPU.Build.0 = Release|Any CPU
		{B89F6915-E5EA-4489-AD33-4EB0D521FAA2}.Release|x64.ActiveCfg = Release|x64
		{B89F6915-E5EA-4489-AD33-4EB0D521FAA2}.Release|x64.Build.0 = Release|x64
		{B89F6915-E5EA-4489-AD33-4EB0D521FAA2}.Release|x86.ActiveCfg = Release|Any CPU
		{B89F6915-E5EA-4489-AD33-4EB0D521FAA2}.Release|x86.Build.0 = Release|Any CPU
		{B89F6915-E5EA-4489-AD33-4EB0D521FAA2}.RelWithDebInfo|Any CPU.ActiveCfg = Release|Any CPU
		{B89F6915-E5EA-4489-AD33-4EB0D521FAA2}.RelWithDebInfo|Any CPU.Build.0 = Release|Any CPU
		{B89F6915-E5EA-4489-AD33-4EB0D521FAA2}.RelWithDebInfo|x64.ActiveCfg = Release|x64
		{B89F6915-E5EA-4489-AD33-4EB0D521FAA2}.RelWithDebInfo|x64.Build.0 = Release|x64
		{B89F6915-E5EA-4489-AD33-4EB0D521FAA2}.RelWithDebInfo|x86.ActiveCfg = Release|Any CPU
		{B89F6915-E5EA-4489-AD33-4EB0D521FAA2}.RelWithDebInfo|x86.Build.0 = Release|Any CPU
		{C27671E6-F4DF-46AC-BA5B-8012DDD8AE3B}.Debug|Any CPU.ActiveCfg = Debug|Any CPU
		{C27671E6-F4DF-46AC-BA5B-8012DDD8AE3B}.Debug|Any CPU.Build.0 = Debug|Any CPU
		{C27671E6-F4DF-46AC-BA5B-8012DDD8AE3B}.Debug|x64.ActiveCfg = Debug|Any CPU
		{C27671E6-F4DF-46AC-BA5B-8012DDD8AE3B}.Debug|x64.Build.0 = Debug|Any CPU
		{C27671E6-F4DF-46AC-BA5B-8012DDD8AE3B}.Debug|x86.ActiveCfg = Debug|Any CPU
		{C27671E6-F4DF-46AC-BA5B-8012DDD8AE3B}.Debug|x86.Build.0 = Debug|Any CPU
		{C27671E6-F4DF-46AC-BA5B-8012DDD8AE3B}.MinSizeRel|Any CPU.ActiveCfg = Release|Any CPU
		{C27671E6-F4DF-46AC-BA5B-8012DDD8AE3B}.MinSizeRel|Any CPU.Build.0 = Release|Any CPU
		{C27671E6-F4DF-46AC-BA5B-8012DDD8AE3B}.MinSizeRel|x64.ActiveCfg = Release|Any CPU
		{C27671E6-F4DF-46AC-BA5B-8012DDD8AE3B}.MinSizeRel|x64.Build.0 = Release|Any CPU
		{C27671E6-F4DF-46AC-BA5B-8012DDD8AE3B}.MinSizeRel|x86.ActiveCfg = Release|Any CPU
		{C27671E6-F4DF-46AC-BA5B-8012DDD8AE3B}.MinSizeRel|x86.Build.0 = Release|Any CPU
		{C27671E6-F4DF-46AC-BA5B-8012DDD8AE3B}.Release|Any CPU.ActiveCfg = Release|Any CPU
		{C27671E6-F4DF-46AC-BA5B-8012DDD8AE3B}.Release|Any CPU.Build.0 = Release|Any CPU
		{C27671E6-F4DF-46AC-BA5B-8012DDD8AE3B}.Release|x64.ActiveCfg = Release|Any CPU
		{C27671E6-F4DF-46AC-BA5B-8012DDD8AE3B}.Release|x64.Build.0 = Release|Any CPU
		{C27671E6-F4DF-46AC-BA5B-8012DDD8AE3B}.Release|x86.ActiveCfg = Release|Any CPU
		{C27671E6-F4DF-46AC-BA5B-8012DDD8AE3B}.Release|x86.Build.0 = Release|Any CPU
		{C27671E6-F4DF-46AC-BA5B-8012DDD8AE3B}.RelWithDebInfo|Any CPU.ActiveCfg = Release|Any CPU
		{C27671E6-F4DF-46AC-BA5B-8012DDD8AE3B}.RelWithDebInfo|Any CPU.Build.0 = Release|Any CPU
		{C27671E6-F4DF-46AC-BA5B-8012DDD8AE3B}.RelWithDebInfo|x64.ActiveCfg = Release|Any CPU
		{C27671E6-F4DF-46AC-BA5B-8012DDD8AE3B}.RelWithDebInfo|x64.Build.0 = Release|Any CPU
		{C27671E6-F4DF-46AC-BA5B-8012DDD8AE3B}.RelWithDebInfo|x86.ActiveCfg = Release|Any CPU
		{C27671E6-F4DF-46AC-BA5B-8012DDD8AE3B}.RelWithDebInfo|x86.Build.0 = Release|Any CPU
		{1C34C95E-167D-404F-A76D-E57C99EC474C}.Debug|Any CPU.ActiveCfg = Debug|Any CPU
		{1C34C95E-167D-404F-A76D-E57C99EC474C}.Debug|Any CPU.Build.0 = Debug|Any CPU
		{1C34C95E-167D-404F-A76D-E57C99EC474C}.Debug|x64.ActiveCfg = Debug|x64
		{1C34C95E-167D-404F-A76D-E57C99EC474C}.Debug|x64.Build.0 = Debug|x64
		{1C34C95E-167D-404F-A76D-E57C99EC474C}.Debug|x86.ActiveCfg = Debug|Any CPU
		{1C34C95E-167D-404F-A76D-E57C99EC474C}.Debug|x86.Build.0 = Debug|Any CPU
		{1C34C95E-167D-404F-A76D-E57C99EC474C}.MinSizeRel|Any CPU.ActiveCfg = Debug|Any CPU
		{1C34C95E-167D-404F-A76D-E57C99EC474C}.MinSizeRel|Any CPU.Build.0 = Debug|Any CPU
		{1C34C95E-167D-404F-A76D-E57C99EC474C}.MinSizeRel|x64.ActiveCfg = Debug|x64
		{1C34C95E-167D-404F-A76D-E57C99EC474C}.MinSizeRel|x64.Build.0 = Debug|x64
		{1C34C95E-167D-404F-A76D-E57C99EC474C}.MinSizeRel|x86.ActiveCfg = Debug|Any CPU
		{1C34C95E-167D-404F-A76D-E57C99EC474C}.MinSizeRel|x86.Build.0 = Debug|Any CPU
		{1C34C95E-167D-404F-A76D-E57C99EC474C}.Release|Any CPU.ActiveCfg = Release|Any CPU
		{1C34C95E-167D-404F-A76D-E57C99EC474C}.Release|Any CPU.Build.0 = Release|Any CPU
		{1C34C95E-167D-404F-A76D-E57C99EC474C}.Release|x64.ActiveCfg = Release|x64
		{1C34C95E-167D-404F-A76D-E57C99EC474C}.Release|x64.Build.0 = Release|x64
		{1C34C95E-167D-404F-A76D-E57C99EC474C}.Release|x86.ActiveCfg = Release|Any CPU
		{1C34C95E-167D-404F-A76D-E57C99EC474C}.Release|x86.Build.0 = Release|Any CPU
		{1C34C95E-167D-404F-A76D-E57C99EC474C}.RelWithDebInfo|Any CPU.ActiveCfg = Release|Any CPU
		{1C34C95E-167D-404F-A76D-E57C99EC474C}.RelWithDebInfo|Any CPU.Build.0 = Release|Any CPU
		{1C34C95E-167D-404F-A76D-E57C99EC474C}.RelWithDebInfo|x64.ActiveCfg = Release|x64
		{1C34C95E-167D-404F-A76D-E57C99EC474C}.RelWithDebInfo|x64.Build.0 = Release|x64
		{1C34C95E-167D-404F-A76D-E57C99EC474C}.RelWithDebInfo|x86.ActiveCfg = Release|Any CPU
		{1C34C95E-167D-404F-A76D-E57C99EC474C}.RelWithDebInfo|x86.Build.0 = Release|Any CPU
		{B85E1641-A93F-4FEA-BBA9-8C7697D4F0EB}.Debug|Any CPU.ActiveCfg = Debug|Any CPU
		{B85E1641-A93F-4FEA-BBA9-8C7697D4F0EB}.Debug|Any CPU.Build.0 = Debug|Any CPU
		{B85E1641-A93F-4FEA-BBA9-8C7697D4F0EB}.Debug|x64.ActiveCfg = Debug|Any CPU
		{B85E1641-A93F-4FEA-BBA9-8C7697D4F0EB}.Debug|x64.Build.0 = Debug|Any CPU
		{B85E1641-A93F-4FEA-BBA9-8C7697D4F0EB}.Debug|x86.ActiveCfg = Debug|Any CPU
		{B85E1641-A93F-4FEA-BBA9-8C7697D4F0EB}.Debug|x86.Build.0 = Debug|Any CPU
		{B85E1641-A93F-4FEA-BBA9-8C7697D4F0EB}.MinSizeRel|Any CPU.ActiveCfg = Debug|Any CPU
		{B85E1641-A93F-4FEA-BBA9-8C7697D4F0EB}.MinSizeRel|Any CPU.Build.0 = Debug|Any CPU
		{B85E1641-A93F-4FEA-BBA9-8C7697D4F0EB}.MinSizeRel|x64.ActiveCfg = Debug|Any CPU
		{B85E1641-A93F-4FEA-BBA9-8C7697D4F0EB}.MinSizeRel|x64.Build.0 = Debug|Any CPU
		{B85E1641-A93F-4FEA-BBA9-8C7697D4F0EB}.MinSizeRel|x86.ActiveCfg = Debug|Any CPU
		{B85E1641-A93F-4FEA-BBA9-8C7697D4F0EB}.MinSizeRel|x86.Build.0 = Debug|Any CPU
		{B85E1641-A93F-4FEA-BBA9-8C7697D4F0EB}.Release|Any CPU.ActiveCfg = Release|Any CPU
		{B85E1641-A93F-4FEA-BBA9-8C7697D4F0EB}.Release|Any CPU.Build.0 = Release|Any CPU
		{B85E1641-A93F-4FEA-BBA9-8C7697D4F0EB}.Release|x64.ActiveCfg = Release|Any CPU
		{B85E1641-A93F-4FEA-BBA9-8C7697D4F0EB}.Release|x64.Build.0 = Release|Any CPU
		{B85E1641-A93F-4FEA-BBA9-8C7697D4F0EB}.Release|x86.ActiveCfg = Release|Any CPU
		{B85E1641-A93F-4FEA-BBA9-8C7697D4F0EB}.Release|x86.Build.0 = Release|Any CPU
		{B85E1641-A93F-4FEA-BBA9-8C7697D4F0EB}.RelWithDebInfo|Any CPU.ActiveCfg = Release|Any CPU
		{B85E1641-A93F-4FEA-BBA9-8C7697D4F0EB}.RelWithDebInfo|Any CPU.Build.0 = Release|Any CPU
		{B85E1641-A93F-4FEA-BBA9-8C7697D4F0EB}.RelWithDebInfo|x64.ActiveCfg = Release|Any CPU
		{B85E1641-A93F-4FEA-BBA9-8C7697D4F0EB}.RelWithDebInfo|x64.Build.0 = Release|Any CPU
		{B85E1641-A93F-4FEA-BBA9-8C7697D4F0EB}.RelWithDebInfo|x86.ActiveCfg = Release|Any CPU
		{B85E1641-A93F-4FEA-BBA9-8C7697D4F0EB}.RelWithDebInfo|x86.Build.0 = Release|Any CPU
	EndGlobalSection
	GlobalSection(SolutionProperties) = preSolution
		HideSolutionNode = FALSE
	EndGlobalSection
	GlobalSection(ExtensibilityGlobals) = postSolution
		SolutionGuid = {AB51D393-AEF8-37BF-B928-DC01B079927D}
	EndGlobalSection
EndGlobal
